
Microsoft Visual Studio Solution File, Format Version 12.00
# Visual Studio Version 17
VisualStudioVersion = 17.14.36518.9
MinimumVisualStudioVersion = 10.0.40219.1
Project("{FAE04EC0-301F-11D3-BF4B-00C04F79EFBC}") = "GraphifyCode.Core", "GraphifyCode.Core\GraphifyCode.Core.csproj", "{CB4FD833-4317-434B-8DFE-95A54C85BC24}"
EndProject
Project("{FAE04EC0-301F-11D3-BF4B-00C04F79EFBC}") = "GraphifyCode.MCP", "GraphifyCode.MCP\GraphifyCode.MCP.csproj", "{DD63848C-491C-4E60-BAD8-F7F75E7B0E7D}"
EndProject
Project("{FAE04EC0-301F-11D3-BF4B-00C04F79EFBC}") = "GraphifyCode.Markdown.SourceGen", "GraphifyCode.Markdown.SourceGen\GraphifyCode.Markdown.SourceGen.csproj", "{D250ABA9-3317-4989-A646-BE7E888995F7}"
EndProject
Project("{FAE04EC0-301F-11D3-BF4B-00C04F79EFBC}") = "GraphifyCode.Markdown", "GraphifyCode.Markdown\GraphifyCode.Markdown.csproj", "{F234991F-6B10-460D-B055-D6C764A97E6C}"
EndProject
Project("{FAE04EC0-301F-11D3-BF4B-00C04F79EFBC}") = "GraphifyCode.Markdown.Tests", "GraphifyCode.Markdown.Tests\GraphifyCode.Markdown.Tests.csproj", "{763B0BA8-3733-DB18-6695-1E5DAA72332C}"
EndProject
Project("{FAE04EC0-301F-11D3-BF4B-00C04F79EFBC}") = "GraphifyCode.Data", "GraphifyCode.Data\GraphifyCode.Data.csproj", "{80447DE2-1EC4-4FAF-8349-1BBB1C26441D}"
EndProject
Project("{FAE04EC0-301F-11D3-BF4B-00C04F79EFBC}") = "GraphifyCode.Api", "GraphifyCode.Api\GraphifyCode.Api.csproj", "{404B5A59-229E-4294-B1B3-32AFCF90276B}"
EndProject
Global
	GlobalSection(SolutionConfigurationPlatforms) = preSolution
		Debug|Any CPU = Debug|Any CPU
		Release|Any CPU = Release|Any CPU
	EndGlobalSection
	GlobalSection(ProjectConfigurationPlatforms) = postSolution
		{CB4FD833-4317-434B-8DFE-95A54C85BC24}.Debug|Any CPU.ActiveCfg = Debug|Any CPU
		{CB4FD833-4317-434B-8DFE-95A54C85BC24}.Debug|Any CPU.Build.0 = Debug|Any CPU
		{CB4FD833-4317-434B-8DFE-95A54C85BC24}.Release|Any CPU.ActiveCfg = Release|Any CPU
		{CB4FD833-4317-434B-8DFE-95A54C85BC24}.Release|Any CPU.Build.0 = Release|Any CPU
		{DD63848C-491C-4E60-BAD8-F7F75E7B0E7D}.Debug|Any CPU.ActiveCfg = Debug|Any CPU
		{DD63848C-491C-4E60-BAD8-F7F75E7B0E7D}.Debug|Any CPU.Build.0 = Debug|Any CPU
		{DD63848C-491C-4E60-BAD8-F7F75E7B0E7D}.Release|Any CPU.ActiveCfg = Release|Any CPU
		{DD63848C-491C-4E60-BAD8-F7F75E7B0E7D}.Release|Any CPU.Build.0 = Release|Any CPU
		{D250ABA9-3317-4989-A646-BE7E888995F7}.Debug|Any CPU.ActiveCfg = Debug|Any CPU
		{D250ABA9-3317-4989-A646-BE7E888995F7}.Debug|Any CPU.Build.0 = Debug|Any CPU
		{D250ABA9-3317-4989-A646-BE7E888995F7}.Release|Any CPU.ActiveCfg = Release|Any CPU
		{D250ABA9-3317-4989-A646-BE7E888995F7}.Release|Any CPU.Build.0 = Release|Any CPU
		{F234991F-6B10-460D-B055-D6C764A97E6C}.Debug|Any CPU.ActiveCfg = Debug|Any CPU
		{F234991F-6B10-460D-B055-D6C764A97E6C}.Debug|Any CPU.Build.0 = Debug|Any CPU
		{F234991F-6B10-460D-B055-D6C764A97E6C}.Release|Any CPU.ActiveCfg = Release|Any CPU
		{F234991F-6B10-460D-B055-D6C764A97E6C}.Release|Any CPU.Build.0 = Release|Any CPU
		{763B0BA8-3733-DB18-6695-1E5DAA72332C}.Debug|Any CPU.ActiveCfg = Debug|Any CPU
		{763B0BA8-3733-DB18-6695-1E5DAA72332C}.Debug|Any CPU.Build.0 = Debug|Any CPU
		{763B0BA8-3733-DB18-6695-1E5DAA72332C}.Release|Any CPU.ActiveCfg = Release|Any CPU
		{763B0BA8-3733-DB18-6695-1E5DAA72332C}.Release|Any CPU.Build.0 = Release|Any CPU
		{80447DE2-1EC4-4FAF-8349-1BBB1C26441D}.Debug|Any CPU.ActiveCfg = Debug|Any CPU
		{80447DE2-1EC4-4FAF-8349-1BBB1C26441D}.Debug|Any CPU.Build.0 = Debug|Any CPU
		{80447DE2-1EC4-4FAF-8349-1BBB1C26441D}.Release|Any CPU.ActiveCfg = Release|Any CPU
		{80447DE2-1EC4-4FAF-8349-1BBB1C26441D}.Release|Any CPU.Build.0 = Release|Any CPU
		{404B5A59-229E-4294-B1B3-32AFCF90276B}.Debug|Any CPU.ActiveCfg = Debug|Any CPU
		{404B5A59-229E-4294-B1B3-32AFCF90276B}.Debug|Any CPU.Build.0 = Debug|Any CPU
		{404B5A59-229E-4294-B1B3-32AFCF90276B}.Release|Any CPU.ActiveCfg = Release|Any CPU
		{404B5A59-229E-4294-B1B3-32AFCF90276B}.Release|Any CPU.Build.0 = Release|Any CPU
	EndGlobalSection
	GlobalSection(SolutionProperties) = preSolution
		HideSolutionNode = FALSE
	EndGlobalSection
	GlobalSection(ExtensibilityGlobals) = postSolution
		SolutionGuid = {A440507E-28B2-4F1D-9AD6-99DF7900CDD5}
	EndGlobalSection
EndGlobal
